
Microsoft Visual Studio Solution File, Format Version 12.00
# Visual Studio 14
VisualStudioVersion = 14.0.23107.0
MinimumVisualStudioVersion = 10.0.40219.1
Project("{FAE04EC0-301F-11D3-BF4B-00C04F79EFBC}") = "SSASTvExt", "SASSTvExt\SSASTvExt.csproj", "{7184C7D3-8C9C-4DBD-9792-0B93F18CB095}"
EndProject
Project("{FAE04EC0-301F-11D3-BF4B-00C04F79EFBC}") = "SSASTvExtTests", "SSASTvExtTests\SSASTvExtTests.csproj", "{70B5F652-5B25-457A-BA89-1C150FE2B6B9}"
EndProject
Global
	GlobalSection(SolutionConfigurationPlatforms) = preSolution
		Debug|Any CPU = Debug|Any CPU
		Release|Any CPU = Release|Any CPU
	EndGlobalSection
	GlobalSection(ProjectConfigurationPlatforms) = postSolution
		{7184C7D3-8C9C-4DBD-9792-0B93F18CB095}.Debug|Any CPU.ActiveCfg = Debug|Any CPU
		{7184C7D3-8C9C-4DBD-9792-0B93F18CB095}.Debug|Any CPU.Build.0 = Debug|Any CPU
		{7184C7D3-8C9C-4DBD-9792-0B93F18CB095}.Release|Any CPU.ActiveCfg = Release|Any CPU
		{7184C7D3-8C9C-4DBD-9792-0B93F18CB095}.Release|Any CPU.Build.0 = Release|Any CPU
		{70B5F652-5B25-457A-BA89-1C150FE2B6B9}.Debug|Any CPU.ActiveCfg = Debug|Any CPU
		{70B5F652-5B25-457A-BA89-1C150FE2B6B9}.Debug|Any CPU.Build.0 = Debug|Any CPU
		{70B5F652-5B25-457A-BA89-1C150FE2B6B9}.Release|Any CPU.ActiveCfg = Release|Any CPU
		{70B5F652-5B25-457A-BA89-1C150FE2B6B9}.Release|Any CPU.Build.0 = Release|Any CPU
	EndGlobalSection
	GlobalSection(SolutionProperties) = preSolution
		HideSolutionNode = FALSE
	EndGlobalSection
EndGlobal
